{
  "name": "sm-library",
  "version": "0.0.2",
  "lockfileVersion": 1,
  "requires": true,
  "dependencies": {
    "sm-commons": {
      "version": "1.0.0",
      "resolved": "https://registry.npmjs.org/sm-commons/-/sm-commons-1.0.0.tgz",
      "integrity": "sha512-7RePD5WnyIFI1hTLX+gUGo4AEvVhyFA9VoWqLMjUwbYV7IZ8T2haQVHXclSyKeIzR8O19Hc1Z6rFPOAMDi+b7w==",
      "dev": true
    }
  }
}
